
Microsoft Visual Studio Solution File, Format Version 12.00
# Visual Studio Version 16
VisualStudioVersion = 16.0.30503.244
MinimumVisualStudioVersion = 10.0.40219.1
Project("{2150E333-8FDC-42A3-9474-1A3956D46DE8}") = "1 - Aplicacao", "1 - Aplicacao", "{2F600758-FB75-445E-BA3F-AE2E5A62BC5E}"
EndProject
Project("{2150E333-8FDC-42A3-9474-1A3956D46DE8}") = "3 - Negocio", "3 - Negocio", "{48538C91-ED8C-4293-90FF-FB2F73DD54D6}"
EndProject
Project("{FAE04EC0-301F-11D3-BF4B-00C04F79EFBC}") = "Sistema.Negocio", "Sistema.Negocio\Sistema.Negocio.csproj", "{84C53247-B58C-41FC-943F-4949509F3089}"
EndProject
Project("{2150E333-8FDC-42A3-9474-1A3956D46DE8}") = "2 - Servicos", "2 - Servicos", "{BE609C3C-1DFF-468E-A03E-FA24E0D61414}"
EndProject
Project("{FAE04EC0-301F-11D3-BF4B-00C04F79EFBC}") = "Sistema.Servico", "Sistema.Servico\Sistema.Servico.csproj", "{19A47ADE-228D-467C-8C36-D95D1088E794}"
EndProject
Project("{FAE04EC0-301F-11D3-BF4B-00C04F79EFBC}") = "WinFormsApp", "WinFormsAppTesteCamadas\WinFormsApp.csproj", "{1FE19178-C480-4E8D-B6E8-6FC0B5C05EEC}"
EndProject
Global
	GlobalSection(SolutionConfigurationPlatforms) = preSolution
		Debug|Any CPU = Debug|Any CPU
		Release|Any CPU = Release|Any CPU
	EndGlobalSection
	GlobalSection(ProjectConfigurationPlatforms) = postSolution
		{84C53247-B58C-41FC-943F-4949509F3089}.Debug|Any CPU.ActiveCfg = Debug|Any CPU
		{84C53247-B58C-41FC-943F-4949509F3089}.Debug|Any CPU.Build.0 = Debug|Any CPU
		{84C53247-B58C-41FC-943F-4949509F3089}.Release|Any CPU.ActiveCfg = Release|Any CPU
		{84C53247-B58C-41FC-943F-4949509F3089}.Release|Any CPU.Build.0 = Release|Any CPU
		{19A47ADE-228D-467C-8C36-D95D1088E794}.Debug|Any CPU.ActiveCfg = Debug|Any CPU
		{19A47ADE-228D-467C-8C36-D95D1088E794}.Debug|Any CPU.Build.0 = Debug|Any CPU
		{19A47ADE-228D-467C-8C36-D95D1088E794}.Release|Any CPU.ActiveCfg = Release|Any CPU
		{19A47ADE-228D-467C-8C36-D95D1088E794}.Release|Any CPU.Build.0 = Release|Any CPU
		{1FE19178-C480-4E8D-B6E8-6FC0B5C05EEC}.Debug|Any CPU.ActiveCfg = Debug|Any CPU
		{1FE19178-C480-4E8D-B6E8-6FC0B5C05EEC}.Debug|Any CPU.Build.0 = Debug|Any CPU
		{1FE19178-C480-4E8D-B6E8-6FC0B5C05EEC}.Release|Any CPU.ActiveCfg = Release|Any CPU
		{1FE19178-C480-4E8D-B6E8-6FC0B5C05EEC}.Release|Any CPU.Build.0 = Release|Any CPU
	EndGlobalSection
	GlobalSection(SolutionProperties) = preSolution
		HideSolutionNode = FALSE
	EndGlobalSection
	GlobalSection(NestedProjects) = preSolution
		{84C53247-B58C-41FC-943F-4949509F3089} = {48538C91-ED8C-4293-90FF-FB2F73DD54D6}
		{19A47ADE-228D-467C-8C36-D95D1088E794} = {BE609C3C-1DFF-468E-A03E-FA24E0D61414}
		{1FE19178-C480-4E8D-B6E8-6FC0B5C05EEC} = {2F600758-FB75-445E-BA3F-AE2E5A62BC5E}
	EndGlobalSection
	GlobalSection(ExtensibilityGlobals) = postSolution
		SolutionGuid = {2F5E3738-DC05-4128-85C0-A630D5C5CB2A}
	EndGlobalSection
EndGlobal
